
Microsoft Visual Studio Solution File, Format Version 12.00
# Visual Studio Version 17
VisualStudioVersion = 17.14.36930.0 d17.14
MinimumVisualStudioVersion = 10.0.40219.1
Project("{FAE04EC0-301F-11D3-BF4B-00C04F79EFBC}") = "TankGame", "TankGame.csproj", "{0CB30C92-1F63-4D1D-AD7B-A231C6888B8E}"
EndProject
Global
	GlobalSection(SolutionConfigurationPlatforms) = preSolution
		Debug|Any CPU = Debug|Any CPU
		Release|Any CPU = Release|Any CPU
	EndGlobalSection
	GlobalSection(ProjectConfigurationPlatforms) = postSolution
		{0CB30C92-1F63-4D1D-AD7B-A231C6888B8E}.Debug|Any CPU.ActiveCfg = Debug|Any CPU
		{0CB30C92-1F63-4D1D-AD7B-A231C6888B8E}.Debug|Any CPU.Build.0 = Debug|Any CPU
		{0CB30C92-1F63-4D1D-AD7B-A231C6888B8E}.Release|Any CPU.ActiveCfg = Release|Any CPU
		{0CB30C92-1F63-4D1D-AD7B-A231C6888B8E}.Release|Any CPU.Build.0 = Release|Any CPU
	EndGlobalSection
	GlobalSection(SolutionProperties) = preSolution
		HideSolutionNode = FALSE
	EndGlobalSection
	GlobalSection(ExtensibilityGlobals) = postSolution
		SolutionGuid = {8E65007C-C9A8-4BAE-AE78-E5EFD5A8C924}
	EndGlobalSection
EndGlobal
